
Microsoft Visual Studio Solution File, Format Version 11.00
# Visual Studio 2010
Project("{FAE04EC0-301F-11D3-BF4B-00C04F79EFBC}") = "SpacePirates", "SpacePirates\SpacePirates\SpacePirates.csproj", "{0561E9E9-81FB-4DC6-8735-2BD9D64B828D}"
EndProject
Project("{FAE04EC0-301F-11D3-BF4B-00C04F79EFBC}") = "SpacePiratesContent", "SpacePirates\SpacePiratesContent\SpacePiratesContent.contentproj", "{AF7F5708-4FCE-4283-BCB3-59E7987049E2}"
EndProject
Global
	GlobalSection(SolutionConfigurationPlatforms) = preSolution
		Debug|x86 = Debug|x86
		debugWind|x86 = debugWind|x86
		Release|x86 = Release|x86
	EndGlobalSection
	GlobalSection(ProjectConfigurationPlatforms) = postSolution
		{0561E9E9-81FB-4DC6-8735-2BD9D64B828D}.Debug|x86.ActiveCfg = Debug|x86
		{0561E9E9-81FB-4DC6-8735-2BD9D64B828D}.Debug|x86.Build.0 = Debug|x86
		{0561E9E9-81FB-4DC6-8735-2BD9D64B828D}.debugWind|x86.ActiveCfg = Debug|x86
		{0561E9E9-81FB-4DC6-8735-2BD9D64B828D}.debugWind|x86.Build.0 = Debug|x86
		{0561E9E9-81FB-4DC6-8735-2BD9D64B828D}.Release|x86.ActiveCfg = Release|x86
		{0561E9E9-81FB-4DC6-8735-2BD9D64B828D}.Release|x86.Build.0 = Release|x86
		{AF7F5708-4FCE-4283-BCB3-59E7987049E2}.Debug|x86.ActiveCfg = Debug|x86
		{AF7F5708-4FCE-4283-BCB3-59E7987049E2}.debugWind|x86.ActiveCfg = Debug|x86
		{AF7F5708-4FCE-4283-BCB3-59E7987049E2}.Release|x86.ActiveCfg = Release|x86
	EndGlobalSection
	GlobalSection(SolutionProperties) = preSolution
		HideSolutionNode = FALSE
	EndGlobalSection
EndGlobal
